// !$*UTF8*$!
{
	archiveVersion = 1;
	classes = {
	};
	objectVersion = 46;
	objects = {

/* Begin PBXBuildFile section */
		4DF7B8F0E959CFD1AA118690 /* libPods-CharterProjectTests.a in Frameworks */ = {isa = PBXBuildFile; fileRef = C9F1CC2693A4374A0D163B06 /* libPods-CharterProjectTests.a */; };
		645EBC8C1D08BF3B007D1557 /* main.m in Sources */ = {isa = PBXBuildFile; fileRef = 645EBC8B1D08BF3B007D1557 /* main.m */; };
		645EBC8F1D08BF3B007D1557 /* AppDelegate.m in Sources */ = {isa = PBXBuildFile; fileRef = 645EBC8E1D08BF3B007D1557 /* AppDelegate.m */; };
		645EBC951D08BF3B007D1557 /* Main.storyboard in Resources */ = {isa = PBXBuildFile; fileRef = 645EBC931D08BF3B007D1557 /* Main.storyboard */; };
		645EBC981D08BF3B007D1557 /* CharterProject.xcdatamodeld in Sources */ = {isa = PBXBuildFile; fileRef = 645EBC961D08BF3B007D1557 /* CharterProject.xcdatamodeld */; };
		645EBC9A1D08BF3B007D1557 /* Assets.xcassets in Resources */ = {isa = PBXBuildFile; fileRef = 645EBC991D08BF3B007D1557 /* Assets.xcassets */; };
		645EBC9D1D08BF3B007D1557 /* LaunchScreen.storyboard in Resources */ = {isa = PBXBuildFile; fileRef = 645EBC9B1D08BF3B007D1557 /* LaunchScreen.storyboard */; };
		645EBCA81D08BF3B007D1557 /* CharterProjectTests.m in Sources */ = {isa = PBXBuildFile; fileRef = 645EBCA71D08BF3B007D1557 /* CharterProjectTests.m */; };
		645EBCBA1D08D4C3007D1557 /* MainViewController.m in Sources */ = {isa = PBXBuildFile; fileRef = 645EBCB91D08D4C3007D1557 /* MainViewController.m */; };
		73CE365C5B92CD49B39A1A91 /* libPods-CharterProject.a in Frameworks */ = {isa = PBXBuildFile; fileRef = 67EFECF4A9A328E88E47F59E /* libPods-CharterProject.a */; };
		7B167D541D0F69AC00954CFF /* DetailViewController.m in Sources */ = {isa = PBXBuildFile; fileRef = 7B167D531D0F69AC00954CFF /* DetailViewController.m */; };
		7B2AC3B61D0B3C7600975BE9 /* CharterService.m in Sources */ = {isa = PBXBuildFile; fileRef = 7B2AC3B51D0B3C7600975BE9 /* CharterService.m */; };
		7B2AC3B91D0B800700975BE9 /* ProductsViewController.m in Sources */ = {isa = PBXBuildFile; fileRef = 7B2AC3B81D0B800700975BE9 /* ProductsViewController.m */; };
		7B2AC3BC1D0BA4B200975BE9 /* CategoryTableViewCell.m in Sources */ = {isa = PBXBuildFile; fileRef = 7B2AC3BB1D0BA4B200975BE9 /* CategoryTableViewCell.m */; };
		7B41FD551D18A13B0037A849 /* FavoritesViewController.m in Sources */ = {isa = PBXBuildFile; fileRef = 7B41FD541D18A13B0037A849 /* FavoritesViewController.m */; };
		7B4858741D1DE06600AAE2A7 /* DoubleTapImage.m in Sources */ = {isa = PBXBuildFile; fileRef = 7B4858731D1DE06600AAE2A7 /* DoubleTapImage.m */; };
		7B5124801D0E76AC0068A6F7 /* UIColor+MainColor.m in Sources */ = {isa = PBXBuildFile; fileRef = 7B51247F1D0E76AC0068A6F7 /* UIColor+MainColor.m */; };
		7B5124831D0E79270068A6F7 /* ProductCell.m in Sources */ = {isa = PBXBuildFile; fileRef = 7B5124821D0E79270068A6F7 /* ProductCell.m */; };
		7B55998A1D1AF1D9009B8EE7 /* CoreDataStack.m in Sources */ = {isa = PBXBuildFile; fileRef = 7B5599891D1AF1D9009B8EE7 /* CoreDataStack.m */; };
		7B5599951D1B11E5009B8EE7 /* CharterFavorite+CoreDataProperties.m in Sources */ = {isa = PBXBuildFile; fileRef = 7B5599921D1B11E5009B8EE7 /* CharterFavorite+CoreDataProperties.m */; };
		7B5599961D1B11E5009B8EE7 /* CharterFavorite.m in Sources */ = {isa = PBXBuildFile; fileRef = 7B5599941D1B11E5009B8EE7 /* CharterFavorite.m */; };
		7B5599991D1B1402009B8EE7 /* FavoriteCell.m in Sources */ = {isa = PBXBuildFile; fileRef = 7B5599981D1B1402009B8EE7 /* FavoriteCell.m */; };
		7B6EA44B1D15E9E200AFC708 /* ContactViewController.m in Sources */ = {isa = PBXBuildFile; fileRef = 7B6EA44A1D15E9E200AFC708 /* ContactViewController.m */; };
		7B7942101D13572B00CFE2F8 /* DescriptionViewController.m in Sources */ = {isa = PBXBuildFile; fileRef = 7B79420F1D13572B00CFE2F8 /* DescriptionViewController.m */; };
		7B7942131D13607800CFE2F8 /* NSString+DecodeHTML.m in Sources */ = {isa = PBXBuildFile; fileRef = 7B7942121D13607800CFE2F8 /* NSString+DecodeHTML.m */; };
		7B9749C91D0CA928003123CB /* GOTHAM-MEDIUM.TTF in Resources */ = {isa = PBXBuildFile; fileRef = 7B9749C61D0CA86F003123CB /* GOTHAM-MEDIUM.TTF */; };
		7B9749CA1D0CA937003123CB /* billabong.ttf in Resources */ = {isa = PBXBuildFile; fileRef = 7B9749C71D0CA86F003123CB /* billabong.ttf */; };
		7B9749CB1D0CA93A003123CB /* Gotham Narrow Book.otf in Resources */ = {isa = PBXBuildFile; fileRef = 7B9749C51D0CA86F003123CB /* Gotham Narrow Book.otf */; };
		7BA11F2C1D12716F0072DBA7 /* UIFont+CustomFont.m in Sources */ = {isa = PBXBuildFile; fileRef = 7BA11F2B1D12716F0072DBA7 /* UIFont+CustomFont.m */; };
		7BB058391D920A9F00E3476C /* NetworkManager.m in Sources */ = {isa = PBXBuildFile; fileRef = 7BB058381D920A9F00E3476C /* NetworkManager.m */; };
		7BB0583C1D920CB600E3476C /* CharterAPI.m in Sources */ = {isa = PBXBuildFile; fileRef = 7BB0583B1D920CB600E3476C /* CharterAPI.m */; };
		7BF9DA661D19ACBC00695161 /* MapKit.framework in Frameworks */ = {isa = PBXBuildFile; fileRef = 7BF9DA651D19ACBC00695161 /* MapKit.framework */; };
		7BF9DA681D19ACC200695161 /* CoreLocation.framework in Frameworks */ = {isa = PBXBuildFile; fileRef = 7BF9DA671D19ACC200695161 /* CoreLocation.framework */; };
		7BF9DA6B1D19AEDD00695161 /* MapViewController.m in Sources */ = {isa = PBXBuildFile; fileRef = 7BF9DA6A1D19AEDD00695161 /* MapViewController.m */; };
/* End PBXBuildFile section */

/* Begin PBXContainerItemProxy section */
		645EBCA41D08BF3B007D1557 /* PBXContainerItemProxy */ = {
			isa = PBXContainerItemProxy;
			containerPortal = 645EBC7F1D08BF3B007D1557 /* Project object */;
			proxyType = 1;
			remoteGlobalIDString = 645EBC861D08BF3B007D1557;
			remoteInfo = CharterProject;
		};
/* End PBXContainerItemProxy section */

/* Begin PBXFileReference section */
		25AFC99132F41EBD35E085B9 /* Pods-CharterProject.debug.xcconfig */ = {isa = PBXFileReference; includeInIndex = 1; lastKnownFileType = text.xcconfig; name = "Pods-CharterProject.debug.xcconfig"; path = "Pods/Target Support Files/Pods-CharterProject/Pods-CharterProject.debug.xcconfig"; sourceTree = "<group>"; };
		2DC74DE4E160EE329BEFF105 /* Pods-CharterProjectTests.debug.xcconfig */ = {isa = PBXFileReference; includeInIndex = 1; lastKnownFileType = text.xcconfig; name = "Pods-CharterProjectTests.debug.xcconfig"; path = "Pods/Target Support Files/Pods-CharterProjectTests/Pods-CharterProjectTests.debug.xcconfig"; sourceTree = "<group>"; };
		645EBC871D08BF3B007D1557 /* CharterProject.app */ = {isa = PBXFileReference; explicitFileType = wrapper.application; includeInIndex = 0; path = CharterProject.app; sourceTree = BUILT_PRODUCTS_DIR; };
		645EBC8B1D08BF3B007D1557 /* main.m */ = {isa = PBXFileReference; lastKnownFileType = sourcecode.c.objc; path = main.m; sourceTree = "<group>"; };
		645EBC8D1D08BF3B007D1557 /* AppDelegate.h */ = {isa = PBXFileReference; lastKnownFileType = sourcecode.c.h; name = AppDelegate.h; path = CharterProject/AppDelegate.h; sourceTree = "<group>"; };
		645EBC8E1D08BF3B007D1557 /* AppDelegate.m */ = {isa = PBXFileReference; lastKnownFileType = sourcecode.c.objc; name = AppDelegate.m; path = CharterProject/AppDelegate.m; sourceTree = "<group>"; };
		645EBC941D08BF3B007D1557 /* Base */ = {isa = PBXFileReference; lastKnownFileType = file.storyboard; name = Base; path = Base.lproj/Main.storyboard; sourceTree = "<group>"; };
		645EBC971D08BF3B007D1557 /* CharterProject.xcdatamodel */ = {isa = PBXFileReference; lastKnownFileType = wrapper.xcdatamodel; path = CharterProject.xcdatamodel; sourceTree = "<group>"; };
		645EBC991D08BF3B007D1557 /* Assets.xcassets */ = {isa = PBXFileReference; lastKnownFileType = folder.assetcatalog; path = Assets.xcassets; sourceTree = "<group>"; };
		645EBC9C1D08BF3B007D1557 /* Base */ = {isa = PBXFileReference; lastKnownFileType = file.storyboard; name = Base; path = Base.lproj/LaunchScreen.storyboard; sourceTree = "<group>"; };
		645EBC9E1D08BF3B007D1557 /* Info.plist */ = {isa = PBXFileReference; lastKnownFileType = text.plist.xml; path = Info.plist; sourceTree = "<group>"; };
		645EBCA31D08BF3B007D1557 /* CharterProjectTests.xctest */ = {isa = PBXFileReference; explicitFileType = wrapper.cfbundle; includeInIndex = 0; path = CharterProjectTests.xctest; sourceTree = BUILT_PRODUCTS_DIR; };
		645EBCA71D08BF3B007D1557 /* CharterProjectTests.m */ = {isa = PBXFileReference; lastKnownFileType = sourcecode.c.objc; path = CharterProjectTests.m; sourceTree = "<group>"; };
		645EBCA91D08BF3B007D1557 /* Info.plist */ = {isa = PBXFileReference; lastKnownFileType = text.plist.xml; path = Info.plist; sourceTree = "<group>"; };
		645EBCB81D08D4C3007D1557 /* MainViewController.h */ = {isa = PBXFileReference; fileEncoding = 4; lastKnownFileType = sourcecode.c.h; path = MainViewController.h; sourceTree = "<group>"; };
		645EBCB91D08D4C3007D1557 /* MainViewController.m */ = {isa = PBXFileReference; fileEncoding = 4; lastKnownFileType = sourcecode.c.objc; path = MainViewController.m; sourceTree = "<group>"; };
		67EFECF4A9A328E88E47F59E /* libPods-CharterProject.a */ = {isa = PBXFileReference; explicitFileType = archive.ar; includeInIndex = 0; path = "libPods-CharterProject.a"; sourceTree = BUILT_PRODUCTS_DIR; };
		7B167D521D0F69AC00954CFF /* DetailViewController.h */ = {isa = PBXFileReference; fileEncoding = 4; lastKnownFileType = sourcecode.c.h; path = DetailViewController.h; sourceTree = "<group>"; };
		7B167D531D0F69AC00954CFF /* DetailViewController.m */ = {isa = PBXFileReference; fileEncoding = 4; lastKnownFileType = sourcecode.c.objc; path = DetailViewController.m; sourceTree = "<group>"; };
		7B2AC3B41D0B3C7600975BE9 /* CharterService.h */ = {isa = PBXFileReference; fileEncoding = 4; lastKnownFileType = sourcecode.c.h; path = CharterService.h; sourceTree = "<group>"; };
		7B2AC3B51D0B3C7600975BE9 /* CharterService.m */ = {isa = PBXFileReference; fileEncoding = 4; lastKnownFileType = sourcecode.c.objc; path = CharterService.m; sourceTree = "<group>"; };
		7B2AC3B71D0B800700975BE9 /* ProductsViewController.h */ = {isa = PBXFileReference; fileEncoding = 4; lastKnownFileType = sourcecode.c.h; path = ProductsViewController.h; sourceTree = "<group>"; };
		7B2AC3B81D0B800700975BE9 /* ProductsViewController.m */ = {isa = PBXFileReference; fileEncoding = 4; lastKnownFileType = sourcecode.c.objc; path = ProductsViewController.m; sourceTree = "<group>"; };
		7B2AC3BA1D0BA4B200975BE9 /* CategoryTableViewCell.h */ = {isa = PBXFileReference; fileEncoding = 4; lastKnownFileType = sourcecode.c.h; path = CategoryTableViewCell.h; sourceTree = "<group>"; };
		7B2AC3BB1D0BA4B200975BE9 /* CategoryTableViewCell.m */ = {isa = PBXFileReference; fileEncoding = 4; lastKnownFileType = sourcecode.c.objc; path = CategoryTableViewCell.m; sourceTree = "<group>"; };
		7B41FD531D18A13B0037A849 /* FavoritesViewController.h */ = {isa = PBXFileReference; fileEncoding = 4; lastKnownFileType = sourcecode.c.h; path = FavoritesViewController.h; sourceTree = "<group>"; };
		7B41FD541D18A13B0037A849 /* FavoritesViewController.m */ = {isa = PBXFileReference; fileEncoding = 4; lastKnownFileType = sourcecode.c.objc; path = FavoritesViewController.m; sourceTree = "<group>"; };
		7B4858721D1DE06600AAE2A7 /* DoubleTapImage.h */ = {isa = PBXFileReference; fileEncoding = 4; lastKnownFileType = sourcecode.c.h; name = DoubleTapImage.h; path = ../DoubleTapImage.h; sourceTree = "<group>"; };
		7B4858731D1DE06600AAE2A7 /* DoubleTapImage.m */ = {isa = PBXFileReference; fileEncoding = 4; lastKnownFileType = sourcecode.c.objc; name = DoubleTapImage.m; path = ../DoubleTapImage.m; sourceTree = "<group>"; };
		7B51247E1D0E76AC0068A6F7 /* UIColor+MainColor.h */ = {isa = PBXFileReference; fileEncoding = 4; lastKnownFileType = sourcecode.c.h; path = "UIColor+MainColor.h"; sourceTree = "<group>"; };
		7B51247F1D0E76AC0068A6F7 /* UIColor+MainColor.m */ = {isa = PBXFileReference; fileEncoding = 4; lastKnownFileType = sourcecode.c.objc; path = "UIColor+MainColor.m"; sourceTree = "<group>"; };
		7B5124811D0E79270068A6F7 /* ProductCell.h */ = {isa = PBXFileReference; fileEncoding = 4; lastKnownFileType = sourcecode.c.h; path = ProductCell.h; sourceTree = "<group>"; };
		7B5124821D0E79270068A6F7 /* ProductCell.m */ = {isa = PBXFileReference; fileEncoding = 4; lastKnownFileType = sourcecode.c.objc; path = ProductCell.m; sourceTree = "<group>"; };
		7B5599881D1AF1D9009B8EE7 /* CoreDataStack.h */ = {isa = PBXFileReference; fileEncoding = 4; lastKnownFileType = sourcecode.c.h; path = CoreDataStack.h; sourceTree = "<group>"; };
		7B5599891D1AF1D9009B8EE7 /* CoreDataStack.m */ = {isa = PBXFileReference; fileEncoding = 4; lastKnownFileType = sourcecode.c.objc; path = CoreDataStack.m; sourceTree = "<group>"; };
		7B5599911D1B11E5009B8EE7 /* CharterFavorite+CoreDataProperties.h */ = {isa = PBXFileReference; fileEncoding = 4; lastKnownFileType = sourcecode.c.h; path = "CharterFavorite+CoreDataProperties.h"; sourceTree = "<group>"; };
		7B5599921D1B11E5009B8EE7 /* CharterFavorite+CoreDataProperties.m */ = {isa = PBXFileReference; fileEncoding = 4; lastKnownFileType = sourcecode.c.objc; path = "CharterFavorite+CoreDataProperties.m"; sourceTree = "<group>"; };
		7B5599931D1B11E5009B8EE7 /* CharterFavorite.h */ = {isa = PBXFileReference; fileEncoding = 4; lastKnownFileType = sourcecode.c.h; path = CharterFavorite.h; sourceTree = "<group>"; };
		7B5599941D1B11E5009B8EE7 /* CharterFavorite.m */ = {isa = PBXFileReference; fileEncoding = 4; lastKnownFileType = sourcecode.c.objc; path = CharterFavorite.m; sourceTree = "<group>"; };
		7B5599971D1B1402009B8EE7 /* FavoriteCell.h */ = {isa = PBXFileReference; fileEncoding = 4; lastKnownFileType = sourcecode.c.h; path = FavoriteCell.h; sourceTree = "<group>"; };
		7B5599981D1B1402009B8EE7 /* FavoriteCell.m */ = {isa = PBXFileReference; fileEncoding = 4; lastKnownFileType = sourcecode.c.objc; path = FavoriteCell.m; sourceTree = "<group>"; };
		7B6EA4491D15E9E200AFC708 /* ContactViewController.h */ = {isa = PBXFileReference; fileEncoding = 4; lastKnownFileType = sourcecode.c.h; name = ContactViewController.h; path = ../ContactViewController.h; sourceTree = "<group>"; };
		7B6EA44A1D15E9E200AFC708 /* ContactViewController.m */ = {isa = PBXFileReference; fileEncoding = 4; lastKnownFileType = sourcecode.c.objc; name = ContactViewController.m; path = ../ContactViewController.m; sourceTree = "<group>"; };
		7B79420E1D13572B00CFE2F8 /* DescriptionViewController.h */ = {isa = PBXFileReference; fileEncoding = 4; lastKnownFileType = sourcecode.c.h; path = DescriptionViewController.h; sourceTree = "<group>"; };
		7B79420F1D13572B00CFE2F8 /* DescriptionViewController.m */ = {isa = PBXFileReference; fileEncoding = 4; lastKnownFileType = sourcecode.c.objc; path = DescriptionViewController.m; sourceTree = "<group>"; };
		7B7942111D13607800CFE2F8 /* NSString+DecodeHTML.h */ = {isa = PBXFileReference; fileEncoding = 4; lastKnownFileType = sourcecode.c.h; path = "NSString+DecodeHTML.h"; sourceTree = "<group>"; };
		7B7942121D13607800CFE2F8 /* NSString+DecodeHTML.m */ = {isa = PBXFileReference; fileEncoding = 4; lastKnownFileType = sourcecode.c.objc; path = "NSString+DecodeHTML.m"; sourceTree = "<group>"; };
		7B9749C51D0CA86F003123CB /* Gotham Narrow Book.otf */ = {isa = PBXFileReference; lastKnownFileType = file; path = "Gotham Narrow Book.otf"; sourceTree = "<group>"; };
		7B9749C61D0CA86F003123CB /* GOTHAM-MEDIUM.TTF */ = {isa = PBXFileReference; lastKnownFileType = file; path = "GOTHAM-MEDIUM.TTF"; sourceTree = "<group>"; };
		7B9749C71D0CA86F003123CB /* billabong.ttf */ = {isa = PBXFileReference; lastKnownFileType = file; path = billabong.ttf; sourceTree = "<group>"; };
		7BA11F2A1D12716F0072DBA7 /* UIFont+CustomFont.h */ = {isa = PBXFileReference; fileEncoding = 4; lastKnownFileType = sourcecode.c.h; path = "UIFont+CustomFont.h"; sourceTree = "<group>"; };
		7BA11F2B1D12716F0072DBA7 /* UIFont+CustomFont.m */ = {isa = PBXFileReference; fileEncoding = 4; lastKnownFileType = sourcecode.c.objc; path = "UIFont+CustomFont.m"; sourceTree = "<group>"; };
		7BB058371D920A9F00E3476C /* NetworkManager.h */ = {isa = PBXFileReference; fileEncoding = 4; lastKnownFileType = sourcecode.c.h; path = NetworkManager.h; sourceTree = "<group>"; };
		7BB058381D920A9F00E3476C /* NetworkManager.m */ = {isa = PBXFileReference; fileEncoding = 4; lastKnownFileType = sourcecode.c.objc; path = NetworkManager.m; sourceTree = "<group>"; };
		7BB0583A1D920CB600E3476C /* CharterAPI.h */ = {isa = PBXFileReference; fileEncoding = 4; lastKnownFileType = sourcecode.c.h; path = CharterAPI.h; sourceTree = "<group>"; };
		7BB0583B1D920CB600E3476C /* CharterAPI.m */ = {isa = PBXFileReference; fileEncoding = 4; lastKnownFileType = sourcecode.c.objc; path = CharterAPI.m; sourceTree = "<group>"; };
		7BF9DA651D19ACBC00695161 /* MapKit.framework */ = {isa = PBXFileReference; lastKnownFileType = wrapper.framework; name = MapKit.framework; path = System/Library/Frameworks/MapKit.framework; sourceTree = SDKROOT; };
		7BF9DA671D19ACC200695161 /* CoreLocation.framework */ = {isa = PBXFileReference; lastKnownFileType = wrapper.framework; name = CoreLocation.framework; path = System/Library/Frameworks/CoreLocation.framework; sourceTree = SDKROOT; };
		7BF9DA691D19AEDD00695161 /* MapViewController.h */ = {isa = PBXFileReference; fileEncoding = 4; lastKnownFileType = sourcecode.c.h; path = MapViewController.h; sourceTree = "<group>"; };
		7BF9DA6A1D19AEDD00695161 /* MapViewController.m */ = {isa = PBXFileReference; fileEncoding = 4; lastKnownFileType = sourcecode.c.objc; path = MapViewController.m; sourceTree = "<group>"; };
		93AA889AA554632F5B10D31F /* Pods-CharterProject.release.xcconfig */ = {isa = PBXFileReference; includeInIndex = 1; lastKnownFileType = text.xcconfig; name = "Pods-CharterProject.release.xcconfig"; path = "Pods/Target Support Files/Pods-CharterProject/Pods-CharterProject.release.xcconfig"; sourceTree = "<group>"; };
		C9F1CC2693A4374A0D163B06 /* libPods-CharterProjectTests.a */ = {isa = PBXFileReference; explicitFileType = archive.ar; includeInIndex = 0; path = "libPods-CharterProjectTests.a"; sourceTree = BUILT_PRODUCTS_DIR; };
		FC70F0FF82FF0CE1E7F93740 /* Pods-CharterProjectTests.release.xcconfig */ = {isa = PBXFileReference; includeInIndex = 1; lastKnownFileType = text.xcconfig; name = "Pods-CharterProjectTests.release.xcconfig"; path = "Pods/Target Support Files/Pods-CharterProjectTests/Pods-CharterProjectTests.release.xcconfig"; sourceTree = "<group>"; };
/* End PBXFileReference section */

/* Begin PBXFrameworksBuildPhase section */
		645EBC841D08BF3B007D1557 /* Frameworks */ = {
			isa = PBXFrameworksBuildPhase;
			buildActionMask = 2147483647;
			files = (
				7BF9DA681D19ACC200695161 /* CoreLocation.framework in Frameworks */,
				7BF9DA661D19ACBC00695161 /* MapKit.framework in Frameworks */,
				73CE365C5B92CD49B39A1A91 /* libPods-CharterProject.a in Frameworks */,
			);
			runOnlyForDeploymentPostprocessing = 0;
		};
		645EBCA01D08BF3B007D1557 /* Frameworks */ = {
			isa = PBXFrameworksBuildPhase;
			buildActionMask = 2147483647;
			files = (
				4DF7B8F0E959CFD1AA118690 /* libPods-CharterProjectTests.a in Frameworks */,
			);
			runOnlyForDeploymentPostprocessing = 0;
		};
/* End PBXFrameworksBuildPhase section */

/* Begin PBXGroup section */
		6222BDD11EAC4BB72EEA9158 /* Frameworks */ = {
			isa = PBXGroup;
			children = (
				7BF9DA671D19ACC200695161 /* CoreLocation.framework */,
				7BF9DA651D19ACBC00695161 /* MapKit.framework */,
				67EFECF4A9A328E88E47F59E /* libPods-CharterProject.a */,
				C9F1CC2693A4374A0D163B06 /* libPods-CharterProjectTests.a */,
			);
			name = Frameworks;
			sourceTree = "<group>";
		};
		645EBC7E1D08BF3B007D1557 = {
			isa = PBXGroup;
			children = (
				645EBC8D1D08BF3B007D1557 /* AppDelegate.h */,
				645EBC8E1D08BF3B007D1557 /* AppDelegate.m */,
				645EBC891D08BF3B007D1557 /* CharterProject */,
				645EBCA61D08BF3B007D1557 /* CharterProjectTests */,
				645EBC881D08BF3B007D1557 /* Products */,
				D0C46E0B966E1052452E4A4E /* Pods */,
				7B9749C81D0CA88E003123CB /* fonts */,
				6222BDD11EAC4BB72EEA9158 /* Frameworks */,
			);
			sourceTree = "<group>";
		};
		645EBC881D08BF3B007D1557 /* Products */ = {
			isa = PBXGroup;
			children = (
				645EBC871D08BF3B007D1557 /* CharterProject.app */,
				645EBCA31D08BF3B007D1557 /* CharterProjectTests.xctest */,
			);
			name = Products;
			sourceTree = "<group>";
		};
		645EBC891D08BF3B007D1557 /* CharterProject */ = {
			isa = PBXGroup;
			children = (
				645EBCB41D08D441007D1557 /* Model */,
				645EBCB21D08D425007D1557 /* View */,
				645EBCB31D08D432007D1557 /* Controller */,
				645EBC931D08BF3B007D1557 /* Main.storyboard */,
				645EBC991D08BF3B007D1557 /* Assets.xcassets */,
				645EBC9B1D08BF3B007D1557 /* LaunchScreen.storyboard */,
				645EBC9E1D08BF3B007D1557 /* Info.plist */,
				645EBC961D08BF3B007D1557 /* CharterProject.xcdatamodeld */,
				645EBC8A1D08BF3B007D1557 /* Supporting Files */,
			);
			path = CharterProject;
			sourceTree = "<group>";
		};
		645EBC8A1D08BF3B007D1557 /* Supporting Files */ = {
			isa = PBXGroup;
			children = (
				645EBC8B1D08BF3B007D1557 /* main.m */,
			);
			name = "Supporting Files";
			sourceTree = "<group>";
		};
		645EBCA61D08BF3B007D1557 /* CharterProjectTests */ = {
			isa = PBXGroup;
			children = (
				645EBCA71D08BF3B007D1557 /* CharterProjectTests.m */,
				645EBCA91D08BF3B007D1557 /* Info.plist */,
			);
			path = CharterProjectTests;
			sourceTree = "<group>";
		};
		645EBCB21D08D425007D1557 /* View */ = {
			isa = PBXGroup;
			children = (
				7B55999D1D1B6972009B8EE7 /* customViews */,
				7BA11F2D1D1271810072DBA7 /* categories */,
			);
			name = View;
			sourceTree = "<group>";
		};
		645EBCB31D08D432007D1557 /* Controller */ = {
			isa = PBXGroup;
			children = (
				645EBCB81D08D4C3007D1557 /* MainViewController.h */,
				645EBCB91D08D4C3007D1557 /* MainViewController.m */,
				7B167D521D0F69AC00954CFF /* DetailViewController.h */,
				7B167D531D0F69AC00954CFF /* DetailViewController.m */,
				7B2AC3B71D0B800700975BE9 /* ProductsViewController.h */,
				7B2AC3B81D0B800700975BE9 /* ProductsViewController.m */,
				7B79420E1D13572B00CFE2F8 /* DescriptionViewController.h */,
				7B79420F1D13572B00CFE2F8 /* DescriptionViewController.m */,
				7B6EA4491D15E9E200AFC708 /* ContactViewController.h */,
				7B6EA44A1D15E9E200AFC708 /* ContactViewController.m */,
				7B41FD531D18A13B0037A849 /* FavoritesViewController.h */,
				7B41FD541D18A13B0037A849 /* FavoritesViewController.m */,
				7BF9DA691D19AEDD00695161 /* MapViewController.h */,
				7BF9DA6A1D19AEDD00695161 /* MapViewController.m */,
			);
			name = Controller;
			sourceTree = "<group>";
		};
		645EBCB41D08D441007D1557 /* Model */ = {
			isa = PBXGroup;
			children = (
				7BB0583A1D920CB600E3476C /* CharterAPI.h */,
				7BB0583B1D920CB600E3476C /* CharterAPI.m */,
				7BB058371D920A9F00E3476C /* NetworkManager.h */,
				7BB058381D920A9F00E3476C /* NetworkManager.m */,
				7B55999C1D1B694B009B8EE7 /* CharterManagedObject */,
				7B55999B1D1B6927009B8EE7 /* CharterObject */,
				7B55999A1D1B68F6009B8EE7 /* coreDataStack */,
			);
			name = Model;
			sourceTree = "<group>";
		};
		7B55999A1D1B68F6009B8EE7 /* coreDataStack */ = {
			isa = PBXGroup;
			children = (
				7B5599881D1AF1D9009B8EE7 /* CoreDataStack.h */,
				7B5599891D1AF1D9009B8EE7 /* CoreDataStack.m */,
			);
			name = coreDataStack;
			sourceTree = "<group>";
		};
		7B55999B1D1B6927009B8EE7 /* CharterObject */ = {
			isa = PBXGroup;
			children = (
				7B2AC3B41D0B3C7600975BE9 /* CharterService.h */,
				7B2AC3B51D0B3C7600975BE9 /* CharterService.m */,
			);
			name = CharterObject;
			sourceTree = "<group>";
		};
		7B55999C1D1B694B009B8EE7 /* CharterManagedObject */ = {
			isa = PBXGroup;
			children = (
				7B5599911D1B11E5009B8EE7 /* CharterFavorite+CoreDataProperties.h */,
				7B5599921D1B11E5009B8EE7 /* CharterFavorite+CoreDataProperties.m */,
				7B5599931D1B11E5009B8EE7 /* CharterFavorite.h */,
				7B5599941D1B11E5009B8EE7 /* CharterFavorite.m */,
			);
			name = CharterManagedObject;
			sourceTree = "<group>";
		};
		7B55999D1D1B6972009B8EE7 /* customViews */ = {
			isa = PBXGroup;
			children = (
				7B4858721D1DE06600AAE2A7 /* DoubleTapImage.h */,
				7B4858731D1DE06600AAE2A7 /* DoubleTapImage.m */,
				7B2AC3BA1D0BA4B200975BE9 /* CategoryTableViewCell.h */,
				7B2AC3BB1D0BA4B200975BE9 /* CategoryTableViewCell.m */,
				7B5124811D0E79270068A6F7 /* ProductCell.h */,
				7B5124821D0E79270068A6F7 /* ProductCell.m */,
				7B5599971D1B1402009B8EE7 /* FavoriteCell.h */,
				7B5599981D1B1402009B8EE7 /* FavoriteCell.m */,
			);
			name = customViews;
			sourceTree = "<group>";
		};
		7B9749C81D0CA88E003123CB /* fonts */ = {
			isa = PBXGroup;
			children = (
				7B9749C71D0CA86F003123CB /* billabong.ttf */,
				7B9749C61D0CA86F003123CB /* GOTHAM-MEDIUM.TTF */,
				7B9749C51D0CA86F003123CB /* Gotham Narrow Book.otf */,
			);
			name = fonts;
			sourceTree = "<group>";
		};
		7BA11F2D1D1271810072DBA7 /* categories */ = {
			isa = PBXGroup;
			children = (
				7B7942111D13607800CFE2F8 /* NSString+DecodeHTML.h */,
				7B7942121D13607800CFE2F8 /* NSString+DecodeHTML.m */,
				7B51247E1D0E76AC0068A6F7 /* UIColor+MainColor.h */,
				7B51247F1D0E76AC0068A6F7 /* UIColor+MainColor.m */,
				7BA11F2A1D12716F0072DBA7 /* UIFont+CustomFont.h */,
				7BA11F2B1D12716F0072DBA7 /* UIFont+CustomFont.m */,
			);
			name = categories;
			sourceTree = "<group>";
		};
		D0C46E0B966E1052452E4A4E /* Pods */ = {
			isa = PBXGroup;
			children = (
				25AFC99132F41EBD35E085B9 /* Pods-CharterProject.debug.xcconfig */,
				93AA889AA554632F5B10D31F /* Pods-CharterProject.release.xcconfig */,
				2DC74DE4E160EE329BEFF105 /* Pods-CharterProjectTests.debug.xcconfig */,
				FC70F0FF82FF0CE1E7F93740 /* Pods-CharterProjectTests.release.xcconfig */,
			);
			name = Pods;
			sourceTree = "<group>";
		};
/* End PBXGroup section */

/* Begin PBXNativeTarget section */
		645EBC861D08BF3B007D1557 /* CharterProject */ = {
			isa = PBXNativeTarget;
			buildConfigurationList = 645EBCAC1D08BF3B007D1557 /* Build configuration list for PBXNativeTarget "CharterProject" */;
			buildPhases = (
				D5C3842454657DFA865410BC /* [CP] Check Pods Manifest.lock */,
				645EBC831D08BF3B007D1557 /* Sources */,
				645EBC841D08BF3B007D1557 /* Frameworks */,
				645EBC851D08BF3B007D1557 /* Resources */,
				C0A9FC543E4A48D901316ADA /* [CP] Embed Pods Frameworks */,
				D47BD6E56A194D3D7B147AC9 /* [CP] Copy Pods Resources */,
			);
			buildRules = (
			);
			dependencies = (
			);
			name = CharterProject;
			productName = CharterProject;
			productReference = 645EBC871D08BF3B007D1557 /* CharterProject.app */;
			productType = "com.apple.product-type.application";
		};
		645EBCA21D08BF3B007D1557 /* CharterProjectTests */ = {
			isa = PBXNativeTarget;
			buildConfigurationList = 645EBCAF1D08BF3B007D1557 /* Build configuration list for PBXNativeTarget "CharterProjectTests" */;
			buildPhases = (
				5A4CEF3CC3DEAE2556A31748 /* [CP] Check Pods Manifest.lock */,
				645EBC9F1D08BF3B007D1557 /* Sources */,
				645EBCA01D08BF3B007D1557 /* Frameworks */,
				645EBCA11D08BF3B007D1557 /* Resources */,
				8858A9B168C8B3FA270F2B31 /* [CP] Embed Pods Frameworks */,
				BC7E870496A7A2C11627DBA9 /* [CP] Copy Pods Resources */,
			);
			buildRules = (
			);
			dependencies = (
				645EBCA51D08BF3B007D1557 /* PBXTargetDependency */,
			);
			name = CharterProjectTests;
			productName = CharterProjectTests;
			productReference = 645EBCA31D08BF3B007D1557 /* CharterProjectTests.xctest */;
			productType = "com.apple.product-type.bundle.unit-test";
		};
/* End PBXNativeTarget section */

/* Begin PBXProject section */
		645EBC7F1D08BF3B007D1557 /* Project object */ = {
			isa = PBXProject;
			attributes = {
				LastUpgradeCheck = 0730;
				ORGANIZATIONNAME = jamesrochabrun;
				TargetAttributes = {
					645EBC861D08BF3B007D1557 = {
						CreatedOnToolsVersion = 7.3.1;
						DevelopmentTeam = ULU46F325W;
					};
					645EBCA21D08BF3B007D1557 = {
						CreatedOnToolsVersion = 7.3.1;
						TestTargetID = 645EBC861D08BF3B007D1557;
					};
				};
			};
			buildConfigurationList = 645EBC821D08BF3B007D1557 /* Build configuration list for PBXProject "CharterProject" */;
			compatibilityVersion = "Xcode 3.2";
			developmentRegion = English;
			hasScannedForEncodings = 0;
			knownRegions = (
				en,
				Base,
			);
			mainGroup = 645EBC7E1D08BF3B007D1557;
			productRefGroup = 645EBC881D08BF3B007D1557 /* Products */;
			projectDirPath = "";
			projectRoot = "";
			targets = (
				645EBC861D08BF3B007D1557 /* CharterProject */,
				645EBCA21D08BF3B007D1557 /* CharterProjectTests */,
			);
		};
/* End PBXProject section */

/* Begin PBXResourcesBuildPhase section */
		645EBC851D08BF3B007D1557 /* Resources */ = {
			isa = PBXResourcesBuildPhase;
			buildActionMask = 2147483647;
			files = (
				7B9749CA1D0CA937003123CB /* billabong.ttf in Resources */,
				7B9749CB1D0CA93A003123CB /* Gotham Narrow Book.otf in Resources */,
				645EBC9D1D08BF3B007D1557 /* LaunchScreen.storyboard in Resources */,
				645EBC9A1D08BF3B007D1557 /* Assets.xcassets in Resources */,
				645EBC951D08BF3B007D1557 /* Main.storyboard in Resources */,
				7B9749C91D0CA928003123CB /* GOTHAM-MEDIUM.TTF in Resources */,
			);
			runOnlyForDeploymentPostprocessing = 0;
		};
		645EBCA11D08BF3B007D1557 /* Resources */ = {
			isa = PBXResourcesBuildPhase;
			buildActionMask = 2147483647;
			files = (
			);
			runOnlyForDeploymentPostprocessing = 0;
		};
/* End PBXResourcesBuildPhase section */

/* Begin PBXShellScriptBuildPhase section */
		5A4CEF3CC3DEAE2556A31748 /* [CP] Check Pods Manifest.lock */ = {
			isa = PBXShellScriptBuildPhase;
			buildActionMask = 2147483647;
			files = (
			);
			inputPaths = (
			);
			name = "[CP] Check Pods Manifest.lock";
			outputPaths = (
			);
			runOnlyForDeploymentPostprocessing = 0;
			shellPath = /bin/sh;
			shellScript = "diff \"${PODS_ROOT}/../Podfile.lock\" \"${PODS_ROOT}/Manifest.lock\" > /dev/null\nif [[ $? != 0 ]] ; then\n    cat << EOM\nerror: The sandbox is not in sync with the Podfile.lock. Run 'pod install' or update your CocoaPods installation.\nEOM\n    exit 1\nfi\n";
			showEnvVarsInLog = 0;
		};
		8858A9B168C8B3FA270F2B31 /* [CP] Embed Pods Frameworks */ = {
			isa = PBXShellScriptBuildPhase;
			buildActionMask = 2147483647;
			files = (
			);
			inputPaths = (
			);
			name = "[CP] Embed Pods Frameworks";
			outputPaths = (
			);
			runOnlyForDeploymentPostprocessing = 0;
			shellPath = /bin/sh;
			shellScript = "\"${SRCROOT}/Pods/Target Support Files/Pods-CharterProjectTests/Pods-CharterProjectTests-frameworks.sh\"\n";
			showEnvVarsInLog = 0;
		};
		BC7E870496A7A2C11627DBA9 /* [CP] Copy Pods Resources */ = {
			isa = PBXShellScriptBuildPhase;
			buildActionMask = 2147483647;
			files = (
			);
			inputPaths = (
			);
			name = "[CP] Copy Pods Resources";
			outputPaths = (
			);
			runOnlyForDeploymentPostprocessing = 0;
			shellPath = /bin/sh;
			shellScript = "\"${SRCROOT}/Pods/Target Support Files/Pods-CharterProjectTests/Pods-CharterProjectTests-resources.sh\"\n";
			showEnvVarsInLog = 0;
		};
		C0A9FC543E4A48D901316ADA /* [CP] Embed Pods Frameworks */ = {
			isa = PBXShellScriptBuildPhase;
			buildActionMask = 2147483647;
			files = (
			);
			inputPaths = (
			);
			name = "[CP] Embed Pods Frameworks";
			outputPaths = (
			);
			runOnlyForDeploymentPostprocessing = 0;
			shellPath = /bin/sh;
			shellScript = "\"${SRCROOT}/Pods/Target Support Files/Pods-CharterProject/Pods-CharterProject-frameworks.sh\"\n";
			showEnvVarsInLog = 0;
		};
		D47BD6E56A194D3D7B147AC9 /* [CP] Copy Pods Resources */ = {
			isa = PBXShellScriptBuildPhase;
			buildActionMask = 2147483647;
			files = (
			);
			inputPaths = (
			);
			name = "[CP] Copy Pods Resources";
			outputPaths = (
			);
			runOnlyForDeploymentPostprocessing = 0;
			shellPath = /bin/sh;
			shellScript = "\"${SRCROOT}/Pods/Target Support Files/Pods-CharterProject/Pods-CharterProject-resources.sh\"\n";
			showEnvVarsInLog = 0;
		};
		D5C3842454657DFA865410BC /* [CP] Check Pods Manifest.lock */ = {
			isa = PBXShellScriptBuildPhase;
			buildActionMask = 2147483647;
			files = (
			);
			inputPaths = (
			);
			name = "[CP] Check Pods Manifest.lock";
			outputPaths = (
			);
			runOnlyForDeploymentPostprocessing = 0;
			shellPath = /bin/sh;
			shellScript = "diff \"${PODS_ROOT}/../Podfile.lock\" \"${PODS_ROOT}/Manifest.lock\" > /dev/null\nif [[ $? != 0 ]] ; then\n    cat << EOM\nerror: The sandbox is not in sync with the Podfile.lock. Run 'pod install' or update your CocoaPods installation.\nEOM\n    exit 1\nfi\n";
			showEnvVarsInLog = 0;
		};
/* End PBXShellScriptBuildPhase section */

/* Begin PBXSourcesBuildPhase section */
		645EBC831D08BF3B007D1557 /* Sources */ = {
			isa = PBXSourcesBuildPhase;
			buildActionMask = 2147483647;
			files = (
				645EBC8F1D08BF3B007D1557 /* AppDelegate.m in Sources */,
				645EBC8C1D08BF3B007D1557 /* main.m in Sources */,
				7B5124801D0E76AC0068A6F7 /* UIColor+MainColor.m in Sources */,
				645EBC981D08BF3B007D1557 /* CharterProject.xcdatamodeld in Sources */,
				7BB0583C1D920CB600E3476C /* CharterAPI.m in Sources */,
				7B2AC3BC1D0BA4B200975BE9 /* CategoryTableViewCell.m in Sources */,
				7B41FD551D18A13B0037A849 /* FavoritesViewController.m in Sources */,
				7B7942101D13572B00CFE2F8 /* DescriptionViewController.m in Sources */,
				7B7942131D13607800CFE2F8 /* NSString+DecodeHTML.m in Sources */,
				7B167D541D0F69AC00954CFF /* DetailViewController.m in Sources */,
				7B5599991D1B1402009B8EE7 /* FavoriteCell.m in Sources */,
				7B5599961D1B11E5009B8EE7 /* CharterFavorite.m in Sources */,
				7B5124831D0E79270068A6F7 /* ProductCell.m in Sources */,
				645EBCBA1D08D4C3007D1557 /* MainViewController.m in Sources */,
				7BF9DA6B1D19AEDD00695161 /* MapViewController.m in Sources */,
				7BB058391D920A9F00E3476C /* NetworkManager.m in Sources */,
				7B2AC3B91D0B800700975BE9 /* ProductsViewController.m in Sources */,
				7B5599951D1B11E5009B8EE7 /* CharterFavorite+CoreDataProperties.m in Sources */,
				7B55998A1D1AF1D9009B8EE7 /* CoreDataStack.m in Sources */,
				7B2AC3B61D0B3C7600975BE9 /* CharterService.m in Sources */,
				7B4858741D1DE06600AAE2A7 /* DoubleTapImage.m in Sources */,
				7BA11F2C1D12716F0072DBA7 /* UIFont+CustomFont.m in Sources */,
				7B6EA44B1D15E9E200AFC708 /* ContactViewController.m in Sources */,
			);
			runOnlyForDeploymentPostprocessing = 0;
		};
		645EBC9F1D08BF3B007D1557 /* Sources */ = {
			isa = PBXSourcesBuildPhase;
			buildActionMask = 2147483647;
			files = (
				645EBCA81D08BF3B007D1557 /* CharterProjectTests.m in Sources */,
			);
			runOnlyForDeploymentPostprocessing = 0;
		};
/* End PBXSourcesBuildPhase section */

/* Begin PBXTargetDependency section */
		645EBCA51D08BF3B007D1557 /* PBXTargetDependency */ = {
			isa = PBXTargetDependency;
			target = 645EBC861D08BF3B007D1557 /* CharterProject */;
			targetProxy = 645EBCA41D08BF3B007D1557 /* PBXContainerItemProxy */;
		};
/* End PBXTargetDependency section */

/* Begin PBXVariantGroup section */
		645EBC931D08BF3B007D1557 /* Main.storyboard */ = {
			isa = PBXVariantGroup;
			children = (
				645EBC941D08BF3B007D1557 /* Base */,
			);
			name = Main.storyboard;
			sourceTree = "<group>";
		};
		645EBC9B1D08BF3B007D1557 /* LaunchScreen.storyboard */ = {
			isa = PBXVariantGroup;
			children = (
				645EBC9C1D08BF3B007D1557 /* Base */,
			);
			name = LaunchScreen.storyboard;
			sourceTree = "<group>";
		};
/* End PBXVariantGroup section */

/* Begin XCBuildConfiguration section */
		645EBCAA1D08BF3B007D1557 /* Debug */ = {
			isa = XCBuildConfiguration;
			buildSettings = {
				ALWAYS_SEARCH_USER_PATHS = NO;
				CLANG_ANALYZER_NONNULL = YES;
				CLANG_CXX_LANGUAGE_STANDARD = "gnu++0x";
				CLANG_CXX_LIBRARY = "libc++";
				CLANG_ENABLE_MODULES = YES;
				CLANG_ENABLE_OBJC_ARC = YES;
				CLANG_WARN_BOOL_CONVERSION = YES;
				CLANG_WARN_CONSTANT_CONVERSION = YES;
				CLANG_WARN_DIRECT_OBJC_ISA_USAGE = YES_ERROR;
				CLANG_WARN_EMPTY_BODY = YES;
				CLANG_WARN_ENUM_CONVERSION = YES;
				CLANG_WARN_INT_CONVERSION = YES;
				CLANG_WARN_OBJC_ROOT_CLASS = YES_ERROR;
				CLANG_WARN_UNREACHABLE_CODE = YES;
				CLANG_WARN__DUPLICATE_METHOD_MATCH = YES;
				"CODE_SIGN_IDENTITY[sdk=iphoneos*]" = "iPhone Developer";
				COPY_PHASE_STRIP = NO;
				DEBUG_INFORMATION_FORMAT = dwarf;
				ENABLE_STRICT_OBJC_MSGSEND = YES;
				ENABLE_TESTABILITY = YES;
				GCC_C_LANGUAGE_STANDARD = gnu99;
				GCC_DYNAMIC_NO_PIC = NO;
				GCC_NO_COMMON_BLOCKS = YES;
				GCC_OPTIMIZATION_LEVEL = 0;
				GCC_PREPROCESSOR_DEFINITIONS = (
					"DEBUG=1",
					"$(inherited)",
				);
				GCC_WARN_64_TO_32_BIT_CONVERSION = YES;
				GCC_WARN_ABOUT_RETURN_TYPE = YES_ERROR;
				GCC_WARN_UNDECLARED_SELECTOR = YES;
				GCC_WARN_UNINITIALIZED_AUTOS = YES_AGGRESSIVE;
				GCC_WARN_UNUSED_FUNCTION = YES;
				GCC_WARN_UNUSED_VARIABLE = YES;
				IPHONEOS_DEPLOYMENT_TARGET = 9.3;
				MTL_ENABLE_DEBUG_INFO = YES;
				ONLY_ACTIVE_ARCH = YES;
				SDKROOT = iphoneos;
			};
			name = Debug;
		};
		645EBCAB1D08BF3B007D1557 /* Release */ = {
			isa = XCBuildConfiguration;
			buildSettings = {
				ALWAYS_SEARCH_USER_PATHS = NO;
				CLANG_ANALYZER_NONNULL = YES;
				CLANG_CXX_LANGUAGE_STANDARD = "gnu++0x";
				CLANG_CXX_LIBRARY = "libc++";
				CLANG_ENABLE_MODULES = YES;
				CLANG_ENABLE_OBJC_ARC = YES;
				CLANG_WARN_BOOL_CONVERSION = YES;
				CLANG_WARN_CONSTANT_CONVERSION = YES;
				CLANG_WARN_DIRECT_OBJC_ISA_USAGE = YES_ERROR;
				CLANG_WARN_EMPTY_BODY = YES;
				CLANG_WARN_ENUM_CONVERSION = YES;
				CLANG_WARN_INT_CONVERSION = YES;
				CLANG_WARN_OBJC_ROOT_CLASS = YES_ERROR;
				CLANG_WARN_UNREACHABLE_CODE = YES;
				CLANG_WARN__DUPLICATE_METHOD_MATCH = YES;
				"CODE_SIGN_IDENTITY[sdk=iphoneos*]" = "iPhone Developer";
				COPY_PHASE_STRIP = NO;
				DEBUG_INFORMATION_FORMAT = "dwarf-with-dsym";
				ENABLE_NS_ASSERTIONS = NO;
				ENABLE_STRICT_OBJC_MSGSEND = YES;
				GCC_C_LANGUAGE_STANDARD = gnu99;
				GCC_NO_COMMON_BLOCKS = YES;
				GCC_WARN_64_TO_32_BIT_CONVERSION = YES;
				GCC_WARN_ABOUT_RETURN_TYPE = YES_ERROR;
				GCC_WARN_UNDECLARED_SELECTOR = YES;
				GCC_WARN_UNINITIALIZED_AUTOS = YES_AGGRESSIVE;
				GCC_WARN_UNUSED_FUNCTION = YES;
				GCC_WARN_UNUSED_VARIABLE = YES;
				IPHONEOS_DEPLOYMENT_TARGET = 9.3;
				MTL_ENABLE_DEBUG_INFO = NO;
				SDKROOT = iphoneos;
				VALIDATE_PRODUCT = YES;
			};
			name = Release;
		};
		645EBCAD1D08BF3B007D1557 /* Debug */ = {
			isa = XCBuildConfiguration;
			baseConfigurationReference = 25AFC99132F41EBD35E085B9 /* Pods-CharterProject.debug.xcconfig */;
			buildSettings = {
				ASSETCATALOG_COMPILER_APPICON_NAME = AppIcon;
				CODE_SIGN_IDENTITY = "iPhone Developer";
				"CODE_SIGN_IDENTITY[sdk=iphoneos*]" = "iPhone Developer";
				INFOPLIST_FILE = CharterProject/Info.plist;
				LD_RUNPATH_SEARCH_PATHS = "$(inherited) @executable_path/Frameworks";
				PRODUCT_BUNDLE_IDENTIFIER = com.speedelo.PassageNautical;
				PRODUCT_NAME = "$(TARGET_NAME)";
				PROVISIONING_PROFILE = "";
			};
			name = Debug;
		};
		645EBCAE1D08BF3B007D1557 /* Release */ = {
			isa = XCBuildConfiguration;
			baseConfigurationReference = 93AA889AA554632F5B10D31F /* Pods-CharterProject.release.xcconfig */;
			buildSettings = {
				ASSETCATALOG_COMPILER_APPICON_NAME = AppIcon;
				CODE_SIGN_IDENTITY = "iPhone Developer";
				"CODE_SIGN_IDENTITY[sdk=iphoneos*]" = "iPhone Developer";
				INFOPLIST_FILE = CharterProject/Info.plist;
				LD_RUNPATH_SEARCH_PATHS = "$(inherited) @executable_path/Frameworks";
				PRODUCT_BUNDLE_IDENTIFIER = com.speedelo.PassageNautical;
				PRODUCT_NAME = "$(TARGET_NAME)";
				PROVISIONING_PROFILE = "";
			};
			name = Release;
		};
		645EBCB01D08BF3B007D1557 /* Debug */ = {
			isa = XCBuildConfiguration;
			baseConfigurationReference = 2DC74DE4E160EE329BEFF105 /* Pods-CharterProjectTests.debug.xcconfig */;
			buildSettings = {
				BUNDLE_LOADER = "$(TEST_HOST)";
				INFOPLIST_FILE = CharterProjectTests/Info.plist;
				LD_RUNPATH_SEARCH_PATHS = "$(inherited) @executable_path/Frameworks @loader_path/Frameworks";
				PRODUCT_BUNDLE_IDENTIFIER = com.deemelo.CharterProjectTests;
				PRODUCT_NAME = "$(TARGET_NAME)";
				TEST_HOST = "$(BUILT_PRODUCTS_DIR)/CharterProject.app/CharterProject";
			};
			name = Debug;
		};
		645EBCB11D08BF3B007D1557 /* Release */ = {
			isa = XCBuildConfiguration;
			baseConfigurationReference = FC70F0FF82FF0CE1E7F93740 /* Pods-CharterProjectTests.release.xcconfig */;
			buildSettings = {
				BUNDLE_LOADER = "$(TEST_HOST)";
				INFOPLIST_FILE = CharterProjectTests/Info.plist;
				LD_RUNPATH_SEARCH_PATHS = "$(inherited) @executable_path/Frameworks @loader_path/Frameworks";
				PRODUCT_BUNDLE_IDENTIFIER = com.deemelo.CharterProjectTests;
				PRODUCT_NAME = "$(TARGET_NAME)";
				TEST_HOST = "$(BUILT_PRODUCTS_DIR)/CharterProject.app/CharterProject";
			};
			name = Release;
		};
/* End XCBuildConfiguration section */

/* Begin XCConfigurationList section */
		645EBC821D08BF3B007D1557 /* Build configuration list for PBXProject "CharterProject" */ = {
			isa = XCConfigurationList;
			buildConfigurations = (
				645EBCAA1D08BF3B007D1557 /* Debug */,
				645EBCAB1D08BF3B007D1557 /* Release */,
			);
			defaultConfigurationIsVisible = 0;
			defaultConfigurationName = Release;
		};
		645EBCAC1D08BF3B007D1557 /* Build configuration list for PBXNativeTarget "CharterProject" */ = {
			isa = XCConfigurationList;
			buildConfigurations = (
				645EBCAD1D08BF3B007D1557 /* Debug */,
				645EBCAE1D08BF3B007D1557 /* Release */,
			);
			defaultConfigurationIsVisible = 0;
			defaultConfigurationName = Release;
		};
		645EBCAF1D08BF3B007D1557 /* Build configuration list for PBXNativeTarget "CharterProjectTests" */ = {
			isa = XCConfigurationList;
			buildConfigurations = (
				645EBCB01D08BF3B007D1557 /* Debug */,
				645EBCB11D08BF3B007D1557 /* Release */,
			);
			defaultConfigurationIsVisible = 0;
			defaultConfigurationName = Release;
		};
/* End XCConfigurationList section */

/* Begin XCVersionGroup section */
		645EBC961D08BF3B007D1557 /* CharterProject.xcdatamodeld */ = {
			isa = XCVersionGroup;
			children = (
				645EBC971D08BF3B007D1557 /* CharterProject.xcdatamodel */,
			);
			currentVersion = 645EBC971D08BF3B007D1557 /* CharterProject.xcdatamodel */;
			path = CharterProject.xcdatamodeld;
			sourceTree = "<group>";
			versionGroupType = wrapper.xcdatamodel;
		};
/* End XCVersionGroup section */
	};
	rootObject = 645EBC7F1D08BF3B007D1557 /* Project object */;
}
